
Microsoft Visual Studio Solution File, Format Version 12.00
# Visual Studio Version 16
VisualStudioVersion = 16.0.30621.155
MinimumVisualStudioVersion = 10.0.40219.1
Project("{FAE04EC0-301F-11D3-BF4B-00C04F79EFBC}") = "lab3", "lab3\lab3.csproj", "{B190F1BA-0E19-4AE8-B011-86013E3C9F1C}"
EndProject
Project("{FAE04EC0-301F-11D3-BF4B-00C04F79EFBC}") = "lab3.tests", "lab3.tests\lab3.tests.csproj", "{75D179EC-76C8-43E5-8293-BF47ED69B79E}"
EndProject
Global
	GlobalSection(SolutionConfigurationPlatforms) = preSolution
		Debug|Any CPU = Debug|Any CPU
		Release|Any CPU = Release|Any CPU
	EndGlobalSection
	GlobalSection(ProjectConfigurationPlatforms) = postSolution
		{B190F1BA-0E19-4AE8-B011-86013E3C9F1C}.Debug|Any CPU.ActiveCfg = Debug|Any CPU
		{B190F1BA-0E19-4AE8-B011-86013E3C9F1C}.Debug|Any CPU.Build.0 = Debug|Any CPU
		{B190F1BA-0E19-4AE8-B011-86013E3C9F1C}.Release|Any CPU.ActiveCfg = Release|Any CPU
		{B190F1BA-0E19-4AE8-B011-86013E3C9F1C}.Release|Any CPU.Build.0 = Release|Any CPU
		{75D179EC-76C8-43E5-8293-BF47ED69B79E}.Debug|Any CPU.ActiveCfg = Debug|Any CPU
		{75D179EC-76C8-43E5-8293-BF47ED69B79E}.Debug|Any CPU.Build.0 = Debug|Any CPU
		{75D179EC-76C8-43E5-8293-BF47ED69B79E}.Release|Any CPU.ActiveCfg = Release|Any CPU
		{75D179EC-76C8-43E5-8293-BF47ED69B79E}.Release|Any CPU.Build.0 = Release|Any CPU
	EndGlobalSection
	GlobalSection(SolutionProperties) = preSolution
		HideSolutionNode = FALSE
	EndGlobalSection
	GlobalSection(ExtensibilityGlobals) = postSolution
		SolutionGuid = {450E868F-E1F7-4972-AB99-29A35EF2A667}
	EndGlobalSection
EndGlobal
